
Microsoft Visual Studio Solution File, Format Version 11.00
# Visual Studio 2010
Project("{FAE04EC0-301F-11D3-BF4B-00C04F79EFBC}") = "Developer", "Developer.csproj", "{DA15B9C0-BFA5-4130-B9F1-E677C84A2F25}"
EndProject
Project("{FAE04EC0-301F-11D3-BF4B-00C04F79EFBC}") = "FileSystem", "..\Shared\FileSystem\FileSystem.csproj", "{F080C2BA-259A-4286-AF57-7AF7816AFC06}"
EndProject
Project("{FAE04EC0-301F-11D3-BF4B-00C04F79EFBC}") = "Interfaces", "..\Shared\Interfaces\Interfaces.csproj", "{478CF0D4-2D8E-4E4B-B3BF-1F5CD249E563}"
EndProject
Project("{FAE04EC0-301F-11D3-BF4B-00C04F79EFBC}") = "View", "View\View.csproj", "{1A740FBE-D829-4215-9D7D-3DCA84FFD1C5}"
EndProject
Project("{FAE04EC0-301F-11D3-BF4B-00C04F79EFBC}") = "Model", "Model\Model.csproj", "{D7E1B868-211B-4EDF-AC4F-1D59BF772F73}"
EndProject
Project("{FAE04EC0-301F-11D3-BF4B-00C04F79EFBC}") = "Controller", "Controller\Controller.csproj", "{D75E39F6-B32C-47E4-BCB2-DEAD54EB9755}"
EndProject
Project("{FAE04EC0-301F-11D3-BF4B-00C04F79EFBC}") = "MessageQueue", "..\Shared\MessageQueue\MessageQueue.csproj", "{51B187CB-4E82-4E25-AAF0-929BEFB7F91F}"
EndProject
Project("{FAE04EC0-301F-11D3-BF4B-00C04F79EFBC}") = "Comms", "Comms\Comms.csproj", "{72C9D760-E086-4290-8D67-B061BCF1BEF7}"
EndProject
Project("{FAE04EC0-301F-11D3-BF4B-00C04F79EFBC}") = "Scripting", "..\Shared\Scripting\Scripting.csproj", "{58140AA8-0331-48F0-91BD-CBC114DC6E39}"
EndProject
Project("{FAE04EC0-301F-11D3-BF4B-00C04F79EFBC}") = "Analysis", "..\Shared\Analysis\Analysis.csproj", "{8862674F-22F9-4EB2-A3F6-493DA487F7C0}"
EndProject
Global
	GlobalSection(SolutionConfigurationPlatforms) = preSolution
		Debug|Any CPU = Debug|Any CPU
		Debug|x64 = Debug|x64
		Debug|x86 = Debug|x86
		Release|Any CPU = Release|Any CPU
		Release|x64 = Release|x64
		Release|x86 = Release|x86
	EndGlobalSection
	GlobalSection(ProjectConfigurationPlatforms) = postSolution
		{DA15B9C0-BFA5-4130-B9F1-E677C84A2F25}.Debug|Any CPU.ActiveCfg = Debug|Any CPU
		{DA15B9C0-BFA5-4130-B9F1-E677C84A2F25}.Debug|Any CPU.Build.0 = Debug|Any CPU
		{DA15B9C0-BFA5-4130-B9F1-E677C84A2F25}.Debug|x64.ActiveCfg = Debug|x64
		{DA15B9C0-BFA5-4130-B9F1-E677C84A2F25}.Debug|x64.Build.0 = Debug|x64
		{DA15B9C0-BFA5-4130-B9F1-E677C84A2F25}.Debug|x86.ActiveCfg = Debug|x86
		{DA15B9C0-BFA5-4130-B9F1-E677C84A2F25}.Debug|x86.Build.0 = Debug|x86
		{DA15B9C0-BFA5-4130-B9F1-E677C84A2F25}.Release|Any CPU.ActiveCfg = Release|Any CPU
		{DA15B9C0-BFA5-4130-B9F1-E677C84A2F25}.Release|Any CPU.Build.0 = Release|Any CPU
		{DA15B9C0-BFA5-4130-B9F1-E677C84A2F25}.Release|x64.ActiveCfg = Release|x64
		{DA15B9C0-BFA5-4130-B9F1-E677C84A2F25}.Release|x64.Build.0 = Release|x64
		{DA15B9C0-BFA5-4130-B9F1-E677C84A2F25}.Release|x86.ActiveCfg = Release|x86
		{DA15B9C0-BFA5-4130-B9F1-E677C84A2F25}.Release|x86.Build.0 = Release|x86
		{F080C2BA-259A-4286-AF57-7AF7816AFC06}.Debug|Any CPU.ActiveCfg = Debug|Any CPU
		{F080C2BA-259A-4286-AF57-7AF7816AFC06}.Debug|Any CPU.Build.0 = Debug|Any CPU
		{F080C2BA-259A-4286-AF57-7AF7816AFC06}.Debug|x64.ActiveCfg = Debug|x64
		{F080C2BA-259A-4286-AF57-7AF7816AFC06}.Debug|x64.Build.0 = Debug|x64
		{F080C2BA-259A-4286-AF57-7AF7816AFC06}.Debug|x86.ActiveCfg = Debug|x86
		{F080C2BA-259A-4286-AF57-7AF7816AFC06}.Debug|x86.Build.0 = Debug|x86
		{F080C2BA-259A-4286-AF57-7AF7816AFC06}.Release|Any CPU.ActiveCfg = Release|Any CPU
		{F080C2BA-259A-4286-AF57-7AF7816AFC06}.Release|Any CPU.Build.0 = Release|Any CPU
		{F080C2BA-259A-4286-AF57-7AF7816AFC06}.Release|x64.ActiveCfg = Release|x64
		{F080C2BA-259A-4286-AF57-7AF7816AFC06}.Release|x64.Build.0 = Release|x64
		{F080C2BA-259A-4286-AF57-7AF7816AFC06}.Release|x86.ActiveCfg = Release|x86
		{F080C2BA-259A-4286-AF57-7AF7816AFC06}.Release|x86.Build.0 = Release|x86
		{478CF0D4-2D8E-4E4B-B3BF-1F5CD249E563}.Debug|Any CPU.ActiveCfg = Debug|Any CPU
		{478CF0D4-2D8E-4E4B-B3BF-1F5CD249E563}.Debug|Any CPU.Build.0 = Debug|Any CPU
		{478CF0D4-2D8E-4E4B-B3BF-1F5CD249E563}.Debug|x64.ActiveCfg = Debug|x64
		{478CF0D4-2D8E-4E4B-B3BF-1F5CD249E563}.Debug|x64.Build.0 = Debug|x64
		{478CF0D4-2D8E-4E4B-B3BF-1F5CD249E563}.Debug|x86.ActiveCfg = Debug|x86
		{478CF0D4-2D8E-4E4B-B3BF-1F5CD249E563}.Debug|x86.Build.0 = Debug|x86
		{478CF0D4-2D8E-4E4B-B3BF-1F5CD249E563}.Release|Any CPU.ActiveCfg = Release|Any CPU
		{478CF0D4-2D8E-4E4B-B3BF-1F5CD249E563}.Release|Any CPU.Build.0 = Release|Any CPU
		{478CF0D4-2D8E-4E4B-B3BF-1F5CD249E563}.Release|x64.ActiveCfg = Release|x64
		{478CF0D4-2D8E-4E4B-B3BF-1F5CD249E563}.Release|x64.Build.0 = Release|x64
		{478CF0D4-2D8E-4E4B-B3BF-1F5CD249E563}.Release|x86.ActiveCfg = Release|x86
		{478CF0D4-2D8E-4E4B-B3BF-1F5CD249E563}.Release|x86.Build.0 = Release|x86
		{1A740FBE-D829-4215-9D7D-3DCA84FFD1C5}.Debug|Any CPU.ActiveCfg = Debug|Any CPU
		{1A740FBE-D829-4215-9D7D-3DCA84FFD1C5}.Debug|Any CPU.Build.0 = Debug|Any CPU
		{1A740FBE-D829-4215-9D7D-3DCA84FFD1C5}.Debug|x64.ActiveCfg = Debug|x64
		{1A740FBE-D829-4215-9D7D-3DCA84FFD1C5}.Debug|x64.Build.0 = Debug|x64
		{1A740FBE-D829-4215-9D7D-3DCA84FFD1C5}.Debug|x86.ActiveCfg = Debug|x86
		{1A740FBE-D829-4215-9D7D-3DCA84FFD1C5}.Debug|x86.Build.0 = Debug|x86
		{1A740FBE-D829-4215-9D7D-3DCA84FFD1C5}.Release|Any CPU.ActiveCfg = Release|Any CPU
		{1A740FBE-D829-4215-9D7D-3DCA84FFD1C5}.Release|Any CPU.Build.0 = Release|Any CPU
		{1A740FBE-D829-4215-9D7D-3DCA84FFD1C5}.Release|x64.ActiveCfg = Release|x64
		{1A740FBE-D829-4215-9D7D-3DCA84FFD1C5}.Release|x64.Build.0 = Release|x64
		{1A740FBE-D829-4215-9D7D-3DCA84FFD1C5}.Release|x86.ActiveCfg = Release|x86
		{1A740FBE-D829-4215-9D7D-3DCA84FFD1C5}.Release|x86.Build.0 = Release|x86
		{D7E1B868-211B-4EDF-AC4F-1D59BF772F73}.Debug|Any CPU.ActiveCfg = Debug|Any CPU
		{D7E1B868-211B-4EDF-AC4F-1D59BF772F73}.Debug|Any CPU.Build.0 = Debug|Any CPU
		{D7E1B868-211B-4EDF-AC4F-1D59BF772F73}.Debug|x64.ActiveCfg = Debug|x64
		{D7E1B868-211B-4EDF-AC4F-1D59BF772F73}.Debug|x64.Build.0 = Debug|x64
		{D7E1B868-211B-4EDF-AC4F-1D59BF772F73}.Debug|x86.ActiveCfg = Debug|x86
		{D7E1B868-211B-4EDF-AC4F-1D59BF772F73}.Debug|x86.Build.0 = Debug|x86
		{D7E1B868-211B-4EDF-AC4F-1D59BF772F73}.Release|Any CPU.ActiveCfg = Release|Any CPU
		{D7E1B868-211B-4EDF-AC4F-1D59BF772F73}.Release|Any CPU.Build.0 = Release|Any CPU
		{D7E1B868-211B-4EDF-AC4F-1D59BF772F73}.Release|x64.ActiveCfg = Release|x64
		{D7E1B868-211B-4EDF-AC4F-1D59BF772F73}.Release|x64.Build.0 = Release|x64
		{D7E1B868-211B-4EDF-AC4F-1D59BF772F73}.Release|x86.ActiveCfg = Release|x86
		{D7E1B868-211B-4EDF-AC4F-1D59BF772F73}.Release|x86.Build.0 = Release|x86
		{D75E39F6-B32C-47E4-BCB2-DEAD54EB9755}.Debug|Any CPU.ActiveCfg = Debug|Any CPU
		{D75E39F6-B32C-47E4-BCB2-DEAD54EB9755}.Debug|Any CPU.Build.0 = Debug|Any CPU
		{D75E39F6-B32C-47E4-BCB2-DEAD54EB9755}.Debug|x64.ActiveCfg = Debug|x64
		{D75E39F6-B32C-47E4-BCB2-DEAD54EB9755}.Debug|x64.Build.0 = Debug|x64
		{D75E39F6-B32C-47E4-BCB2-DEAD54EB9755}.Debug|x86.ActiveCfg = Debug|x86
		{D75E39F6-B32C-47E4-BCB2-DEAD54EB9755}.Debug|x86.Build.0 = Debug|x86
		{D75E39F6-B32C-47E4-BCB2-DEAD54EB9755}.Release|Any CPU.ActiveCfg = Release|Any CPU
		{D75E39F6-B32C-47E4-BCB2-DEAD54EB9755}.Release|Any CPU.Build.0 = Release|Any CPU
		{D75E39F6-B32C-47E4-BCB2-DEAD54EB9755}.Release|x64.ActiveCfg = Release|x64
		{D75E39F6-B32C-47E4-BCB2-DEAD54EB9755}.Release|x64.Build.0 = Release|x64
		{D75E39F6-B32C-47E4-BCB2-DEAD54EB9755}.Release|x86.ActiveCfg = Release|x86
		{D75E39F6-B32C-47E4-BCB2-DEAD54EB9755}.Release|x86.Build.0 = Release|x86
		{51B187CB-4E82-4E25-AAF0-929BEFB7F91F}.Debug|Any CPU.ActiveCfg = Debug|Any CPU
		{51B187CB-4E82-4E25-AAF0-929BEFB7F91F}.Debug|Any CPU.Build.0 = Debug|Any CPU
		{51B187CB-4E82-4E25-AAF0-929BEFB7F91F}.Debug|x64.ActiveCfg = Debug|x64
		{51B187CB-4E82-4E25-AAF0-929BEFB7F91F}.Debug|x64.Build.0 = Debug|x64
		{51B187CB-4E82-4E25-AAF0-929BEFB7F91F}.Debug|x86.ActiveCfg = Debug|x86
		{51B187CB-4E82-4E25-AAF0-929BEFB7F91F}.Debug|x86.Build.0 = Debug|x86
		{51B187CB-4E82-4E25-AAF0-929BEFB7F91F}.Release|Any CPU.ActiveCfg = Release|Any CPU
		{51B187CB-4E82-4E25-AAF0-929BEFB7F91F}.Release|Any CPU.Build.0 = Release|Any CPU
		{51B187CB-4E82-4E25-AAF0-929BEFB7F91F}.Release|x64.ActiveCfg = Release|x64
		{51B187CB-4E82-4E25-AAF0-929BEFB7F91F}.Release|x64.Build.0 = Release|x64
		{51B187CB-4E82-4E25-AAF0-929BEFB7F91F}.Release|x86.ActiveCfg = Release|x86
		{51B187CB-4E82-4E25-AAF0-929BEFB7F91F}.Release|x86.Build.0 = Release|x86
		{72C9D760-E086-4290-8D67-B061BCF1BEF7}.Debug|Any CPU.ActiveCfg = Debug|Any CPU
		{72C9D760-E086-4290-8D67-B061BCF1BEF7}.Debug|Any CPU.Build.0 = Debug|Any CPU
		{72C9D760-E086-4290-8D67-B061BCF1BEF7}.Debug|x64.ActiveCfg = Debug|x64
		{72C9D760-E086-4290-8D67-B061BCF1BEF7}.Debug|x64.Build.0 = Debug|x64
		{72C9D760-E086-4290-8D67-B061BCF1BEF7}.Debug|x86.ActiveCfg = Debug|x86
		{72C9D760-E086-4290-8D67-B061BCF1BEF7}.Debug|x86.Build.0 = Debug|x86
		{72C9D760-E086-4290-8D67-B061BCF1BEF7}.Release|Any CPU.ActiveCfg = Release|Any CPU
		{72C9D760-E086-4290-8D67-B061BCF1BEF7}.Release|Any CPU.Build.0 = Release|Any CPU
		{72C9D760-E086-4290-8D67-B061BCF1BEF7}.Release|x64.ActiveCfg = Release|x64
		{72C9D760-E086-4290-8D67-B061BCF1BEF7}.Release|x64.Build.0 = Release|x64
		{72C9D760-E086-4290-8D67-B061BCF1BEF7}.Release|x86.ActiveCfg = Release|x86
		{72C9D760-E086-4290-8D67-B061BCF1BEF7}.Release|x86.Build.0 = Release|x86
		{58140AA8-0331-48F0-91BD-CBC114DC6E39}.Debug|Any CPU.ActiveCfg = Debug|Any CPU
		{58140AA8-0331-48F0-91BD-CBC114DC6E39}.Debug|Any CPU.Build.0 = Debug|Any CPU
		{58140AA8-0331-48F0-91BD-CBC114DC6E39}.Debug|x64.ActiveCfg = Debug|x64
		{58140AA8-0331-48F0-91BD-CBC114DC6E39}.Debug|x64.Build.0 = Debug|x64
		{58140AA8-0331-48F0-91BD-CBC114DC6E39}.Debug|x86.ActiveCfg = Debug|x86
		{58140AA8-0331-48F0-91BD-CBC114DC6E39}.Debug|x86.Build.0 = Debug|x86
		{58140AA8-0331-48F0-91BD-CBC114DC6E39}.Release|Any CPU.ActiveCfg = Release|Any CPU
		{58140AA8-0331-48F0-91BD-CBC114DC6E39}.Release|Any CPU.Build.0 = Release|Any CPU
		{58140AA8-0331-48F0-91BD-CBC114DC6E39}.Release|x64.ActiveCfg = Release|x64
		{58140AA8-0331-48F0-91BD-CBC114DC6E39}.Release|x64.Build.0 = Release|x64
		{58140AA8-0331-48F0-91BD-CBC114DC6E39}.Release|x86.ActiveCfg = Release|x86
		{58140AA8-0331-48F0-91BD-CBC114DC6E39}.Release|x86.Build.0 = Release|x86
		{8862674F-22F9-4EB2-A3F6-493DA487F7C0}.Debug|Any CPU.ActiveCfg = Debug|Any CPU
		{8862674F-22F9-4EB2-A3F6-493DA487F7C0}.Debug|Any CPU.Build.0 = Debug|Any CPU
		{8862674F-22F9-4EB2-A3F6-493DA487F7C0}.Debug|x64.ActiveCfg = Debug|x64
		{8862674F-22F9-4EB2-A3F6-493DA487F7C0}.Debug|x64.Build.0 = Debug|x64
		{8862674F-22F9-4EB2-A3F6-493DA487F7C0}.Debug|x86.ActiveCfg = Debug|x86
		{8862674F-22F9-4EB2-A3F6-493DA487F7C0}.Debug|x86.Build.0 = Debug|x86
		{8862674F-22F9-4EB2-A3F6-493DA487F7C0}.Release|Any CPU.ActiveCfg = Release|Any CPU
		{8862674F-22F9-4EB2-A3F6-493DA487F7C0}.Release|Any CPU.Build.0 = Release|Any CPU
		{8862674F-22F9-4EB2-A3F6-493DA487F7C0}.Release|x64.ActiveCfg = Release|x64
		{8862674F-22F9-4EB2-A3F6-493DA487F7C0}.Release|x64.Build.0 = Release|x64
		{8862674F-22F9-4EB2-A3F6-493DA487F7C0}.Release|x86.ActiveCfg = Release|x86
		{8862674F-22F9-4EB2-A3F6-493DA487F7C0}.Release|x86.Build.0 = Release|x86
	EndGlobalSection
	GlobalSection(SolutionProperties) = preSolution
		HideSolutionNode = FALSE
	EndGlobalSection
EndGlobal
