<?xml version="1.0" encoding="utf-8"?>
<Project ToolsVersion="4.0" xmlns="http://schemas.microsoft.com/developer/msbuild/2003">
  <ItemGroup>
    <Filter Include="Source Files">
      <UniqueIdentifier>{4FC737F1-C7A5-4376-A066-2A32D752A2FF}</UniqueIdentifier>
      <Extensions>cpp;c;cc;cxx;def;odl;idl;hpj;bat;asm;asmx</Extensions>
    </Filter>
    <Filter Include="Header Files">
      <UniqueIdentifier>{93995380-89BD-4b04-88EB-625FBE52EBFB}</UniqueIdentifier>
      <Extensions>h;hpp;hxx;hm;inl;inc;xsd</Extensions>
    </Filter>
    <Filter Include="Resource Files">
      <UniqueIdentifier>{67DA6AB6-F800-4c08-8B7A-83BB121AAD01}</UniqueIdentifier>
      <Extensions>rc;ico;cur;bmp;dlg;rc2;rct;bin;rgs;gif;jpg;jpeg;jpe;resx;tiff;tif;png;wav;mfcribbon-ms</Extensions>
    </Filter>
  </ItemGroup>
  <ItemGroup>
    <None Include="ReadMe.txt" />
  </ItemGroup>
  <ItemGroup>
    <ClInclude Include="stdafx.h">
      <Filter>Header Files</Filter>
    </ClInclude>
    <ClInclude Include="targetver.h">
      <Filter>Header Files</Filter>
    </ClInclude>
    <ClInclude Include="..\Model\ScriptDisk.h">
      <Filter>Header Files</Filter>
    </ClInclude>
    <ClInclude Include="..\ScriptEngine\ScriptEngine.h">
      <Filter>Header Files</Filter>
    </ClInclude>
    <ClInclude Include="ScriptDiskTest.hpp">
      <Filter>Header Files</Filter>
    </ClInclude>
    <ClInclude Include="..\Controller\Controller.h">
      <Filter>Header Files</Filter>
    </ClInclude>
    <ClInclude Include="..\IO\ioPstat.h">
      <Filter>Header Files</Filter>
    </ClInclude>
    <ClInclude Include="simIo.hpp">
      <Filter>Header Files</Filter>
    </ClInclude>
    <ClInclude Include="..\Model\Logger.h">
      <Filter>Header Files</Filter>
    </ClInclude>
    <ClInclude Include="..\Model\peltier.h">
      <Filter>Header Files</Filter>
    </ClInclude>
    <ClInclude Include="..\IO\reservoir.h">
      <Filter>Header Files</Filter>
    </ClInclude>
    <ClInclude Include="..\Model\util.h">
      <Filter>Header Files</Filter>
    </ClInclude>
    <ClInclude Include="..\Model\ModelTime.h">
      <Filter>Header Files</Filter>
    </ClInclude>
    <ClInclude Include="..\IO\tick.h">
      <Filter>Header Files</Filter>
    </ClInclude>
  </ItemGroup>
  <ItemGroup>
    <ClCompile Include="stdafx.cpp">
      <Filter>Source Files</Filter>
    </ClCompile>
    <ClCompile Include="simulation.cpp">
      <Filter>Source Files</Filter>
    </ClCompile>
    <ClCompile Include="ScriptDiskTest.cpp">
      <Filter>Source Files</Filter>
    </ClCompile>
    <ClCompile Include="..\Model\ScriptDisk.c">
      <Filter>Source Files</Filter>
    </ClCompile>
    <ClCompile Include="..\ScriptEngine\ScriptEngine.c">
      <Filter>Source Files</Filter>
    </ClCompile>
    <ClCompile Include="ScriptEngineTest.cpp">
      <Filter>Source Files</Filter>
    </ClCompile>
    <ClCompile Include="..\Controller\Controller.c">
      <Filter>Source Files</Filter>
    </ClCompile>
    <ClCompile Include="simIo.cpp">
      <Filter>Source Files</Filter>
    </ClCompile>
    <ClCompile Include="Logger.cpp">
      <Filter>Source Files</Filter>
    </ClCompile>
    <ClCompile Include="..\Model\peltier.c">
      <Filter>Source Files</Filter>
    </ClCompile>
    <ClCompile Include="PeltierTest.cpp">
      <Filter>Source Files</Filter>
    </ClCompile>
    <ClCompile Include="ControllerTest.cpp">
      <Filter>Source Files</Filter>
    </ClCompile>
    <ClCompile Include="..\Model\util.c">
      <Filter>Source Files</Filter>
    </ClCompile>
    <ClCompile Include="..\Model\ModelTime.c">
      <Filter>Source Files</Filter>
    </ClCompile>
    <ClCompile Include="LoggerTest.cpp">
      <Filter>Source Files</Filter>
    </ClCompile>
    <ClCompile Include="UtilTest.cpp">
      <Filter>Source Files</Filter>
    </ClCompile>
    <ClCompile Include="ModelTimeTest.cpp">
      <Filter>Source Files</Filter>
    </ClCompile>
  </ItemGroup>
</Project>